
Microsoft Visual Studio Solution File, Format Version 12.00
# Visual Studio Version 17
VisualStudioVersion = 17.1.32328.378
MinimumVisualStudioVersion = 10.0.40219.1
Project("{9A19103F-16F7-4668-BE54-9A1E7A4F7556}") = "CorgEng.Core", "CorgEng.Core.csproj", "{9CCC4A6B-2D13-425D-8C72-B034151EC11C}"
EndProject
Project("{9A19103F-16F7-4668-BE54-9A1E7A4F7556}") = "CorgEng.DependencyInjection", "..\CorgEng.DependencyInjection\CorgEng.DependencyInjection.csproj", "{913A2BE9-E596-4202-8DA1-ADF02AE63618}"
EndProject
Project("{9A19103F-16F7-4668-BE54-9A1E7A4F7556}") = "CorgEng.EntityComponentSystem", "..\CorgEng.EntityComponentSystem\CorgEng.EntityComponentSystem.csproj", "{4BB408B5-9AFA-42E6-973D-547A84A293A5}"
EndProject
Project("{9A19103F-16F7-4668-BE54-9A1E7A4F7556}") = "CorgEng.Rendering", "..\CorgEng.Rendering\CorgEng.Rendering.csproj", "{BFC5583F-3A05-43E4-9D07-81D80B1EC685}"
EndProject
Project("{9A19103F-16F7-4668-BE54-9A1E7A4F7556}") = "CorgEng.Tests", "..\CorgEng.Tests\CorgEng.Tests.csproj", "{04D2DFC7-ABE3-46BA-9E98-8E01A8BE92B5}"
	ProjectSection(ProjectDependencies) = postProject
		{19E048D9-1587-40CC-BEE3-E1883A21FEC8} = {19E048D9-1587-40CC-BEE3-E1883A21FEC8}
	EndProjectSection
EndProject
Project("{9A19103F-16F7-4668-BE54-9A1E7A4F7556}") = "CorgEng.UtilityTypes", "..\CorgEng.UtilityTypes\CorgEng.UtilityTypes.csproj", "{F9CCD4D7-9AF2-4167-9F31-A2879D82F854}"
EndProject
Project("{9A19103F-16F7-4668-BE54-9A1E7A4F7556}") = "CorgEng.Example", "..\CorgEng.Example\CorgEng.Example.csproj", "{14E8A473-E0B8-4CB2-BA76-B322FA0EDADF}"
	ProjectSection(ProjectDependencies) = postProject
		{A18B4113-8CBF-44B3-BC4A-C27920D2F6BE} = {A18B4113-8CBF-44B3-BC4A-C27920D2F6BE}
		{46ED6820-5DE9-4B9C-AC58-728503212732} = {46ED6820-5DE9-4B9C-AC58-728503212732}
	EndProjectSection
EndProject
Project("{9A19103F-16F7-4668-BE54-9A1E7A4F7556}") = "CorgEng.Logging", "..\CorgEng.Logging\CorgEng.Logging.csproj", "{58DC11A7-998A-40A3-A73A-80BDB521FED4}"
EndProject
Project("{9A19103F-16F7-4668-BE54-9A1E7A4F7556}") = "CorgEng.GenericInterfaces", "..\CorgEng.GenericInterfaces\CorgEng.GenericInterfaces.csproj", "{E87F196E-5BF2-4AAF-8209-9F66A4F4B0EB}"
EndProject
Project("{9A19103F-16F7-4668-BE54-9A1E7A4F7556}") = "CorgEng.InputHandling", "..\CorgEng.InputHandling\CorgEng.InputHandling.csproj", "{19DB3C95-8E41-43A6-ACFE-78B3873E6F89}"
EndProject
Project("{9A19103F-16F7-4668-BE54-9A1E7A4F7556}") = "CorgEng.ContentLoading", "..\CorgEng.ContentLoading\CorgEng.ContentLoading.csproj", "{46ED6820-5DE9-4B9C-AC58-728503212732}"
EndProject
Project("{9A19103F-16F7-4668-BE54-9A1E7A4F7556}") = "CorgEng.MapLoading", "..\CorgEng.MapLoading\CorgEng.MapLoading.csproj", "{B324FB97-A466-4E19-BA67-9536023EE5B9}"
EndProject
Project("{9A19103F-16F7-4668-BE54-9A1E7A4F7556}") = "AutoMap", "..\AutoMap\AutoMap.csproj", "{ADA9CC94-5705-499C-9C93-888E96F87DEA}"
EndProject
Project("{9A19103F-16F7-4668-BE54-9A1E7A4F7556}") = "CorgEng.UserInterface", "..\CorgEng.UserInterface\CorgEng.UserInterface.csproj", "{19E048D9-1587-40CC-BEE3-E1883A21FEC8}"
	ProjectSection(ProjectDependencies) = postProject
		{BFC5583F-3A05-43E4-9D07-81D80B1EC685} = {BFC5583F-3A05-43E4-9D07-81D80B1EC685}
		{E87F196E-5BF2-4AAF-8209-9F66A4F4B0EB} = {E87F196E-5BF2-4AAF-8209-9F66A4F4B0EB}
	EndProjectSection
EndProject
Project("{9A19103F-16F7-4668-BE54-9A1E7A4F7556}") = "CorgEng.Font", "..\CorgEng.Font\CorgEng.Font.csproj", "{A18B4113-8CBF-44B3-BC4A-C27920D2F6BE}"
EndProject
Project("{9A19103F-16F7-4668-BE54-9A1E7A4F7556}") = "DmiIconConversionUtility", "..\DmiIconConversionUtility\DmiIconConversionUtility.csproj", "{047A7C91-7A94-4393-8D25-54BF23498193}"
EndProject
Project("{9A19103F-16F7-4668-BE54-9A1E7A4F7556}") = "CorgEng.Networking", "..\CorgEng.Networking\CorgEng.Networking.csproj", "{1D5738B7-BC6F-46EF-8C49-47622AF0D74A}"
EndProject
Project("{9A19103F-16F7-4668-BE54-9A1E7A4F7556}") = "CorgEng.Example.Server", "..\CorgEng.Example.Server\CorgEng.Example.Server.csproj", "{EB32BAE1-083D-4ECC-9627-BC83B8300A40}"
EndProject
Project("{9A19103F-16F7-4668-BE54-9A1E7A4F7556}") = "CorgEng.Example.Shared", "..\CorgEng.Example.Shared\CorgEng.Example.Shared.csproj", "{24BE2B70-CD23-4052-899E-445393FFA2B4}"
EndProject
Project("{2150E333-8FDC-42A3-9474-1A3956D46DE8}") = "Solution Items", "Solution Items", "{E1407682-D90C-450A-A4F5-73FAEE65E2B0}"
	ProjectSection(SolutionItems) = preProject
		.editorconfig = .editorconfig
	EndProjectSection
EndProject
Project("{9A19103F-16F7-4668-BE54-9A1E7A4F7556}") = "CorgEng.World", "..\CorgEng.World\CorgEng.World.csproj", "{808305D8-C662-4C9A-A26F-D9A3E07E1271}"
EndProject
Project("{9A19103F-16F7-4668-BE54-9A1E7A4F7556}") = "CorgEng.Constants", "..\CorgEng.Constants\CorgEng.Constants.csproj", "{D287FB50-6DFA-4EFA-9169-5A6F31B44CA9}"
EndProject
Project("{FAE04EC0-301F-11D3-BF4B-00C04F79EFBC}") = "CorgEng.AiBehaviour", "..\CorgEng.AiBehaviour\CorgEng.AiBehaviour.csproj", "{39C428B3-A5DD-409C-9EB1-7F4FCDDD61B4}"
EndProject
Global
	GlobalSection(SolutionConfigurationPlatforms) = preSolution
		Debug|Any CPU = Debug|Any CPU
		Debug|ARM32 = Debug|ARM32
		Debug|ARM64 = Debug|ARM64
		Debug|x64 = Debug|x64
		Debug|x86 = Debug|x86
		Release|Any CPU = Release|Any CPU
		Release|ARM32 = Release|ARM32
		Release|ARM64 = Release|ARM64
		Release|x64 = Release|x64
		Release|x86 = Release|x86
	EndGlobalSection
	GlobalSection(ProjectConfigurationPlatforms) = postSolution
		{9CCC4A6B-2D13-425D-8C72-B034151EC11C}.Debug|Any CPU.ActiveCfg = Debug|Any CPU
		{9CCC4A6B-2D13-425D-8C72-B034151EC11C}.Debug|Any CPU.Build.0 = Debug|Any CPU
		{9CCC4A6B-2D13-425D-8C72-B034151EC11C}.Debug|ARM32.ActiveCfg = Debug|Any CPU
		{9CCC4A6B-2D13-425D-8C72-B034151EC11C}.Debug|ARM32.Build.0 = Debug|Any CPU
		{9CCC4A6B-2D13-425D-8C72-B034151EC11C}.Debug|ARM64.ActiveCfg = Debug|Any CPU
		{9CCC4A6B-2D13-425D-8C72-B034151EC11C}.Debug|ARM64.Build.0 = Debug|Any CPU
		{9CCC4A6B-2D13-425D-8C72-B034151EC11C}.Debug|x64.ActiveCfg = Debug|Any CPU
		{9CCC4A6B-2D13-425D-8C72-B034151EC11C}.Debug|x64.Build.0 = Debug|Any CPU
		{9CCC4A6B-2D13-425D-8C72-B034151EC11C}.Debug|x86.ActiveCfg = Debug|Any CPU
		{9CCC4A6B-2D13-425D-8C72-B034151EC11C}.Debug|x86.Build.0 = Debug|Any CPU
		{9CCC4A6B-2D13-425D-8C72-B034151EC11C}.Release|Any CPU.ActiveCfg = Release|Any CPU
		{9CCC4A6B-2D13-425D-8C72-B034151EC11C}.Release|Any CPU.Build.0 = Release|Any CPU
		{9CCC4A6B-2D13-425D-8C72-B034151EC11C}.Release|ARM32.ActiveCfg = Release|Any CPU
		{9CCC4A6B-2D13-425D-8C72-B034151EC11C}.Release|ARM32.Build.0 = Release|Any CPU
		{9CCC4A6B-2D13-425D-8C72-B034151EC11C}.Release|ARM64.ActiveCfg = Release|Any CPU
		{9CCC4A6B-2D13-425D-8C72-B034151EC11C}.Release|ARM64.Build.0 = Release|Any CPU
		{9CCC4A6B-2D13-425D-8C72-B034151EC11C}.Release|x64.ActiveCfg = Release|x64
		{9CCC4A6B-2D13-425D-8C72-B034151EC11C}.Release|x64.Build.0 = Release|x64
		{9CCC4A6B-2D13-425D-8C72-B034151EC11C}.Release|x86.ActiveCfg = Release|x86
		{9CCC4A6B-2D13-425D-8C72-B034151EC11C}.Release|x86.Build.0 = Release|x86
		{913A2BE9-E596-4202-8DA1-ADF02AE63618}.Debug|Any CPU.ActiveCfg = Debug|Any CPU
		{913A2BE9-E596-4202-8DA1-ADF02AE63618}.Debug|Any CPU.Build.0 = Debug|Any CPU
		{913A2BE9-E596-4202-8DA1-ADF02AE63618}.Debug|ARM32.ActiveCfg = Debug|Any CPU
		{913A2BE9-E596-4202-8DA1-ADF02AE63618}.Debug|ARM32.Build.0 = Debug|Any CPU
		{913A2BE9-E596-4202-8DA1-ADF02AE63618}.Debug|ARM64.ActiveCfg = Debug|Any CPU
		{913A2BE9-E596-4202-8DA1-ADF02AE63618}.Debug|ARM64.Build.0 = Debug|Any CPU
		{913A2BE9-E596-4202-8DA1-ADF02AE63618}.Debug|x64.ActiveCfg = Debug|Any CPU
		{913A2BE9-E596-4202-8DA1-ADF02AE63618}.Debug|x64.Build.0 = Debug|Any CPU
		{913A2BE9-E596-4202-8DA1-ADF02AE63618}.Debug|x86.ActiveCfg = Debug|Any CPU
		{913A2BE9-E596-4202-8DA1-ADF02AE63618}.Debug|x86.Build.0 = Debug|Any CPU
		{913A2BE9-E596-4202-8DA1-ADF02AE63618}.Release|Any CPU.ActiveCfg = Release|Any CPU
		{913A2BE9-E596-4202-8DA1-ADF02AE63618}.Release|Any CPU.Build.0 = Release|Any CPU
		{913A2BE9-E596-4202-8DA1-ADF02AE63618}.Release|ARM32.ActiveCfg = Release|Any CPU
		{913A2BE9-E596-4202-8DA1-ADF02AE63618}.Release|ARM32.Build.0 = Release|Any CPU
		{913A2BE9-E596-4202-8DA1-ADF02AE63618}.Release|ARM64.ActiveCfg = Release|Any CPU
		{913A2BE9-E596-4202-8DA1-ADF02AE63618}.Release|ARM64.Build.0 = Release|Any CPU
		{913A2BE9-E596-4202-8DA1-ADF02AE63618}.Release|x64.ActiveCfg = Release|x64
		{913A2BE9-E596-4202-8DA1-ADF02AE63618}.Release|x64.Build.0 = Release|x64
		{913A2BE9-E596-4202-8DA1-ADF02AE63618}.Release|x86.ActiveCfg = Release|x86
		{913A2BE9-E596-4202-8DA1-ADF02AE63618}.Release|x86.Build.0 = Release|x86
		{4BB408B5-9AFA-42E6-973D-547A84A293A5}.Debug|Any CPU.ActiveCfg = Debug|Any CPU
		{4BB408B5-9AFA-42E6-973D-547A84A293A5}.Debug|Any CPU.Build.0 = Debug|Any CPU
		{4BB408B5-9AFA-42E6-973D-547A84A293A5}.Debug|ARM32.ActiveCfg = Debug|Any CPU
		{4BB408B5-9AFA-42E6-973D-547A84A293A5}.Debug|ARM32.Build.0 = Debug|Any CPU
		{4BB408B5-9AFA-42E6-973D-547A84A293A5}.Debug|ARM64.ActiveCfg = Debug|Any CPU
		{4BB408B5-9AFA-42E6-973D-547A84A293A5}.Debug|ARM64.Build.0 = Debug|Any CPU
		{4BB408B5-9AFA-42E6-973D-547A84A293A5}.Debug|x64.ActiveCfg = Debug|Any CPU
		{4BB408B5-9AFA-42E6-973D-547A84A293A5}.Debug|x64.Build.0 = Debug|Any CPU
		{4BB408B5-9AFA-42E6-973D-547A84A293A5}.Debug|x86.ActiveCfg = Debug|Any CPU
		{4BB408B5-9AFA-42E6-973D-547A84A293A5}.Debug|x86.Build.0 = Debug|Any CPU
		{4BB408B5-9AFA-42E6-973D-547A84A293A5}.Release|Any CPU.ActiveCfg = Release|Any CPU
		{4BB408B5-9AFA-42E6-973D-547A84A293A5}.Release|Any CPU.Build.0 = Release|Any CPU
		{4BB408B5-9AFA-42E6-973D-547A84A293A5}.Release|ARM32.ActiveCfg = Release|Any CPU
		{4BB408B5-9AFA-42E6-973D-547A84A293A5}.Release|ARM32.Build.0 = Release|Any CPU
		{4BB408B5-9AFA-42E6-973D-547A84A293A5}.Release|ARM64.ActiveCfg = Release|Any CPU
		{4BB408B5-9AFA-42E6-973D-547A84A293A5}.Release|ARM64.Build.0 = Release|Any CPU
		{4BB408B5-9AFA-42E6-973D-547A84A293A5}.Release|x64.ActiveCfg = Release|x64
		{4BB408B5-9AFA-42E6-973D-547A84A293A5}.Release|x64.Build.0 = Release|x64
		{4BB408B5-9AFA-42E6-973D-547A84A293A5}.Release|x86.ActiveCfg = Release|x86
		{4BB408B5-9AFA-42E6-973D-547A84A293A5}.Release|x86.Build.0 = Release|x86
		{BFC5583F-3A05-43E4-9D07-81D80B1EC685}.Debug|Any CPU.ActiveCfg = Debug|Any CPU
		{BFC5583F-3A05-43E4-9D07-81D80B1EC685}.Debug|Any CPU.Build.0 = Debug|Any CPU
		{BFC5583F-3A05-43E4-9D07-81D80B1EC685}.Debug|ARM32.ActiveCfg = Debug|Any CPU
		{BFC5583F-3A05-43E4-9D07-81D80B1EC685}.Debug|ARM32.Build.0 = Debug|Any CPU
		{BFC5583F-3A05-43E4-9D07-81D80B1EC685}.Debug|ARM64.ActiveCfg = Debug|Any CPU
		{BFC5583F-3A05-43E4-9D07-81D80B1EC685}.Debug|ARM64.Build.0 = Debug|Any CPU
		{BFC5583F-3A05-43E4-9D07-81D80B1EC685}.Debug|x64.ActiveCfg = Debug|Any CPU
		{BFC5583F-3A05-43E4-9D07-81D80B1EC685}.Debug|x64.Build.0 = Debug|Any CPU
		{BFC5583F-3A05-43E4-9D07-81D80B1EC685}.Debug|x86.ActiveCfg = Debug|x86
		{BFC5583F-3A05-43E4-9D07-81D80B1EC685}.Debug|x86.Build.0 = Debug|x86
		{BFC5583F-3A05-43E4-9D07-81D80B1EC685}.Release|Any CPU.ActiveCfg = Release|Any CPU
		{BFC5583F-3A05-43E4-9D07-81D80B1EC685}.Release|Any CPU.Build.0 = Release|Any CPU
		{BFC5583F-3A05-43E4-9D07-81D80B1EC685}.Release|ARM32.ActiveCfg = Release|Any CPU
		{BFC5583F-3A05-43E4-9D07-81D80B1EC685}.Release|ARM32.Build.0 = Release|Any CPU
		{BFC5583F-3A05-43E4-9D07-81D80B1EC685}.Release|ARM64.ActiveCfg = Release|Any CPU
		{BFC5583F-3A05-43E4-9D07-81D80B1EC685}.Release|ARM64.Build.0 = Release|Any CPU
		{BFC5583F-3A05-43E4-9D07-81D80B1EC685}.Release|x64.ActiveCfg = Release|x64
		{BFC5583F-3A05-43E4-9D07-81D80B1EC685}.Release|x64.Build.0 = Release|x64
		{BFC5583F-3A05-43E4-9D07-81D80B1EC685}.Release|x86.ActiveCfg = Release|x86
		{BFC5583F-3A05-43E4-9D07-81D80B1EC685}.Release|x86.Build.0 = Release|x86
		{04D2DFC7-ABE3-46BA-9E98-8E01A8BE92B5}.Debug|Any CPU.ActiveCfg = Debug|Any CPU
		{04D2DFC7-ABE3-46BA-9E98-8E01A8BE92B5}.Debug|Any CPU.Build.0 = Debug|Any CPU
		{04D2DFC7-ABE3-46BA-9E98-8E01A8BE92B5}.Debug|ARM32.ActiveCfg = Debug|Any CPU
		{04D2DFC7-ABE3-46BA-9E98-8E01A8BE92B5}.Debug|ARM32.Build.0 = Debug|Any CPU
		{04D2DFC7-ABE3-46BA-9E98-8E01A8BE92B5}.Debug|ARM64.ActiveCfg = Debug|Any CPU
		{04D2DFC7-ABE3-46BA-9E98-8E01A8BE92B5}.Debug|ARM64.Build.0 = Debug|Any CPU
		{04D2DFC7-ABE3-46BA-9E98-8E01A8BE92B5}.Debug|x64.ActiveCfg = Debug|x64
		{04D2DFC7-ABE3-46BA-9E98-8E01A8BE92B5}.Debug|x64.Build.0 = Debug|x64
		{04D2DFC7-ABE3-46BA-9E98-8E01A8BE92B5}.Debug|x86.ActiveCfg = Debug|x86
		{04D2DFC7-ABE3-46BA-9E98-8E01A8BE92B5}.Debug|x86.Build.0 = Debug|x86
		{04D2DFC7-ABE3-46BA-9E98-8E01A8BE92B5}.Release|Any CPU.ActiveCfg = Release|Any CPU
		{04D2DFC7-ABE3-46BA-9E98-8E01A8BE92B5}.Release|Any CPU.Build.0 = Release|Any CPU
		{04D2DFC7-ABE3-46BA-9E98-8E01A8BE92B5}.Release|ARM32.ActiveCfg = Release|Any CPU
		{04D2DFC7-ABE3-46BA-9E98-8E01A8BE92B5}.Release|ARM32.Build.0 = Release|Any CPU
		{04D2DFC7-ABE3-46BA-9E98-8E01A8BE92B5}.Release|ARM64.ActiveCfg = Release|Any CPU
		{04D2DFC7-ABE3-46BA-9E98-8E01A8BE92B5}.Release|ARM64.Build.0 = Release|Any CPU
		{04D2DFC7-ABE3-46BA-9E98-8E01A8BE92B5}.Release|x64.ActiveCfg = Release|x64
		{04D2DFC7-ABE3-46BA-9E98-8E01A8BE92B5}.Release|x64.Build.0 = Release|x64
		{04D2DFC7-ABE3-46BA-9E98-8E01A8BE92B5}.Release|x86.ActiveCfg = Release|x86
		{04D2DFC7-ABE3-46BA-9E98-8E01A8BE92B5}.Release|x86.Build.0 = Release|x86
		{F9CCD4D7-9AF2-4167-9F31-A2879D82F854}.Debug|Any CPU.ActiveCfg = Debug|Any CPU
		{F9CCD4D7-9AF2-4167-9F31-A2879D82F854}.Debug|Any CPU.Build.0 = Debug|Any CPU
		{F9CCD4D7-9AF2-4167-9F31-A2879D82F854}.Debug|ARM32.ActiveCfg = Debug|Any CPU
		{F9CCD4D7-9AF2-4167-9F31-A2879D82F854}.Debug|ARM32.Build.0 = Debug|Any CPU
		{F9CCD4D7-9AF2-4167-9F31-A2879D82F854}.Debug|ARM64.ActiveCfg = Debug|Any CPU
		{F9CCD4D7-9AF2-4167-9F31-A2879D82F854}.Debug|ARM64.Build.0 = Debug|Any CPU
		{F9CCD4D7-9AF2-4167-9F31-A2879D82F854}.Debug|x64.ActiveCfg = Debug|Any CPU
		{F9CCD4D7-9AF2-4167-9F31-A2879D82F854}.Debug|x64.Build.0 = Debug|Any CPU
		{F9CCD4D7-9AF2-4167-9F31-A2879D82F854}.Debug|x86.ActiveCfg = Debug|x86
		{F9CCD4D7-9AF2-4167-9F31-A2879D82F854}.Debug|x86.Build.0 = Debug|x86
		{F9CCD4D7-9AF2-4167-9F31-A2879D82F854}.Release|Any CPU.ActiveCfg = Release|Any CPU
		{F9CCD4D7-9AF2-4167-9F31-A2879D82F854}.Release|Any CPU.Build.0 = Release|Any CPU
		{F9CCD4D7-9AF2-4167-9F31-A2879D82F854}.Release|ARM32.ActiveCfg = Release|Any CPU
		{F9CCD4D7-9AF2-4167-9F31-A2879D82F854}.Release|ARM32.Build.0 = Release|Any CPU
		{F9CCD4D7-9AF2-4167-9F31-A2879D82F854}.Release|ARM64.ActiveCfg = Release|Any CPU
		{F9CCD4D7-9AF2-4167-9F31-A2879D82F854}.Release|ARM64.Build.0 = Release|Any CPU
		{F9CCD4D7-9AF2-4167-9F31-A2879D82F854}.Release|x64.ActiveCfg = Release|x64
		{F9CCD4D7-9AF2-4167-9F31-A2879D82F854}.Release|x64.Build.0 = Release|x64
		{F9CCD4D7-9AF2-4167-9F31-A2879D82F854}.Release|x86.ActiveCfg = Release|x86
		{F9CCD4D7-9AF2-4167-9F31-A2879D82F854}.Release|x86.Build.0 = Release|x86
		{14E8A473-E0B8-4CB2-BA76-B322FA0EDADF}.Debug|Any CPU.ActiveCfg = Debug|Any CPU
		{14E8A473-E0B8-4CB2-BA76-B322FA0EDADF}.Debug|Any CPU.Build.0 = Debug|Any CPU
		{14E8A473-E0B8-4CB2-BA76-B322FA0EDADF}.Debug|ARM32.ActiveCfg = Debug|ARM32
		{14E8A473-E0B8-4CB2-BA76-B322FA0EDADF}.Debug|ARM32.Build.0 = Debug|ARM32
		{14E8A473-E0B8-4CB2-BA76-B322FA0EDADF}.Debug|ARM64.ActiveCfg = Debug|ARM64
		{14E8A473-E0B8-4CB2-BA76-B322FA0EDADF}.Debug|ARM64.Build.0 = Debug|ARM64
		{14E8A473-E0B8-4CB2-BA76-B322FA0EDADF}.Debug|x64.ActiveCfg = Debug|Any CPU
		{14E8A473-E0B8-4CB2-BA76-B322FA0EDADF}.Debug|x64.Build.0 = Debug|Any CPU
		{14E8A473-E0B8-4CB2-BA76-B322FA0EDADF}.Debug|x86.ActiveCfg = Debug|Any CPU
		{14E8A473-E0B8-4CB2-BA76-B322FA0EDADF}.Debug|x86.Build.0 = Debug|Any CPU
		{14E8A473-E0B8-4CB2-BA76-B322FA0EDADF}.Release|Any CPU.ActiveCfg = Release|Any CPU
		{14E8A473-E0B8-4CB2-BA76-B322FA0EDADF}.Release|Any CPU.Build.0 = Release|Any CPU
		{14E8A473-E0B8-4CB2-BA76-B322FA0EDADF}.Release|ARM32.ActiveCfg = Release|ARM32
		{14E8A473-E0B8-4CB2-BA76-B322FA0EDADF}.Release|ARM32.Build.0 = Release|ARM32
		{14E8A473-E0B8-4CB2-BA76-B322FA0EDADF}.Release|ARM64.ActiveCfg = Release|ARM64
		{14E8A473-E0B8-4CB2-BA76-B322FA0EDADF}.Release|ARM64.Build.0 = Release|ARM64
		{14E8A473-E0B8-4CB2-BA76-B322FA0EDADF}.Release|x64.ActiveCfg = Release|x64
		{14E8A473-E0B8-4CB2-BA76-B322FA0EDADF}.Release|x64.Build.0 = Release|x64
		{14E8A473-E0B8-4CB2-BA76-B322FA0EDADF}.Release|x86.ActiveCfg = Release|x86
		{14E8A473-E0B8-4CB2-BA76-B322FA0EDADF}.Release|x86.Build.0 = Release|x86
		{58DC11A7-998A-40A3-A73A-80BDB521FED4}.Debug|Any CPU.ActiveCfg = Debug|Any CPU
		{58DC11A7-998A-40A3-A73A-80BDB521FED4}.Debug|Any CPU.Build.0 = Debug|Any CPU
		{58DC11A7-998A-40A3-A73A-80BDB521FED4}.Debug|ARM32.ActiveCfg = Debug|Any CPU
		{58DC11A7-998A-40A3-A73A-80BDB521FED4}.Debug|ARM32.Build.0 = Debug|Any CPU
		{58DC11A7-998A-40A3-A73A-80BDB521FED4}.Debug|ARM64.ActiveCfg = Debug|Any CPU
		{58DC11A7-998A-40A3-A73A-80BDB521FED4}.Debug|ARM64.Build.0 = Debug|Any CPU
		{58DC11A7-998A-40A3-A73A-80BDB521FED4}.Debug|x64.ActiveCfg = Debug|Any CPU
		{58DC11A7-998A-40A3-A73A-80BDB521FED4}.Debug|x64.Build.0 = Debug|Any CPU
		{58DC11A7-998A-40A3-A73A-80BDB521FED4}.Debug|x86.ActiveCfg = Debug|x86
		{58DC11A7-998A-40A3-A73A-80BDB521FED4}.Debug|x86.Build.0 = Debug|x86
		{58DC11A7-998A-40A3-A73A-80BDB521FED4}.Release|Any CPU.ActiveCfg = Release|Any CPU
		{58DC11A7-998A-40A3-A73A-80BDB521FED4}.Release|Any CPU.Build.0 = Release|Any CPU
		{58DC11A7-998A-40A3-A73A-80BDB521FED4}.Release|ARM32.ActiveCfg = Release|Any CPU
		{58DC11A7-998A-40A3-A73A-80BDB521FED4}.Release|ARM32.Build.0 = Release|Any CPU
		{58DC11A7-998A-40A3-A73A-80BDB521FED4}.Release|ARM64.ActiveCfg = Release|Any CPU
		{58DC11A7-998A-40A3-A73A-80BDB521FED4}.Release|ARM64.Build.0 = Release|Any CPU
		{58DC11A7-998A-40A3-A73A-80BDB521FED4}.Release|x64.ActiveCfg = Release|x64
		{58DC11A7-998A-40A3-A73A-80BDB521FED4}.Release|x64.Build.0 = Release|x64
		{58DC11A7-998A-40A3-A73A-80BDB521FED4}.Release|x86.ActiveCfg = Release|x86
		{58DC11A7-998A-40A3-A73A-80BDB521FED4}.Release|x86.Build.0 = Release|x86
		{E87F196E-5BF2-4AAF-8209-9F66A4F4B0EB}.Debug|Any CPU.ActiveCfg = Debug|Any CPU
		{E87F196E-5BF2-4AAF-8209-9F66A4F4B0EB}.Debug|Any CPU.Build.0 = Debug|Any CPU
		{E87F196E-5BF2-4AAF-8209-9F66A4F4B0EB}.Debug|ARM32.ActiveCfg = Debug|Any CPU
		{E87F196E-5BF2-4AAF-8209-9F66A4F4B0EB}.Debug|ARM32.Build.0 = Debug|Any CPU
		{E87F196E-5BF2-4AAF-8209-9F66A4F4B0EB}.Debug|ARM64.ActiveCfg = Debug|Any CPU
		{E87F196E-5BF2-4AAF-8209-9F66A4F4B0EB}.Debug|ARM64.Build.0 = Debug|Any CPU
		{E87F196E-5BF2-4AAF-8209-9F66A4F4B0EB}.Debug|x64.ActiveCfg = Debug|Any CPU
		{E87F196E-5BF2-4AAF-8209-9F66A4F4B0EB}.Debug|x64.Build.0 = Debug|Any CPU
		{E87F196E-5BF2-4AAF-8209-9F66A4F4B0EB}.Debug|x86.ActiveCfg = Debug|Any CPU
		{E87F196E-5BF2-4AAF-8209-9F66A4F4B0EB}.Debug|x86.Build.0 = Debug|Any CPU
		{E87F196E-5BF2-4AAF-8209-9F66A4F4B0EB}.Release|Any CPU.ActiveCfg = Release|Any CPU
		{E87F196E-5BF2-4AAF-8209-9F66A4F4B0EB}.Release|Any CPU.Build.0 = Release|Any CPU
		{E87F196E-5BF2-4AAF-8209-9F66A4F4B0EB}.Release|ARM32.ActiveCfg = Release|Any CPU
		{E87F196E-5BF2-4AAF-8209-9F66A4F4B0EB}.Release|ARM32.Build.0 = Release|Any CPU
		{E87F196E-5BF2-4AAF-8209-9F66A4F4B0EB}.Release|ARM64.ActiveCfg = Release|Any CPU
		{E87F196E-5BF2-4AAF-8209-9F66A4F4B0EB}.Release|ARM64.Build.0 = Release|Any CPU
		{E87F196E-5BF2-4AAF-8209-9F66A4F4B0EB}.Release|x64.ActiveCfg = Release|x64
		{E87F196E-5BF2-4AAF-8209-9F66A4F4B0EB}.Release|x64.Build.0 = Release|x64
		{E87F196E-5BF2-4AAF-8209-9F66A4F4B0EB}.Release|x86.ActiveCfg = Release|x86
		{E87F196E-5BF2-4AAF-8209-9F66A4F4B0EB}.Release|x86.Build.0 = Release|x86
		{19DB3C95-8E41-43A6-ACFE-78B3873E6F89}.Debug|Any CPU.ActiveCfg = Debug|Any CPU
		{19DB3C95-8E41-43A6-ACFE-78B3873E6F89}.Debug|Any CPU.Build.0 = Debug|Any CPU
		{19DB3C95-8E41-43A6-ACFE-78B3873E6F89}.Debug|ARM32.ActiveCfg = Debug|Any CPU
		{19DB3C95-8E41-43A6-ACFE-78B3873E6F89}.Debug|ARM32.Build.0 = Debug|Any CPU
		{19DB3C95-8E41-43A6-ACFE-78B3873E6F89}.Debug|ARM64.ActiveCfg = Debug|Any CPU
		{19DB3C95-8E41-43A6-ACFE-78B3873E6F89}.Debug|ARM64.Build.0 = Debug|Any CPU
		{19DB3C95-8E41-43A6-ACFE-78B3873E6F89}.Debug|x64.ActiveCfg = Debug|Any CPU
		{19DB3C95-8E41-43A6-ACFE-78B3873E6F89}.Debug|x64.Build.0 = Debug|Any CPU
		{19DB3C95-8E41-43A6-ACFE-78B3873E6F89}.Debug|x86.ActiveCfg = Debug|Any CPU
		{19DB3C95-8E41-43A6-ACFE-78B3873E6F89}.Debug|x86.Build.0 = Debug|Any CPU
		{19DB3C95-8E41-43A6-ACFE-78B3873E6F89}.Release|Any CPU.ActiveCfg = Release|Any CPU
		{19DB3C95-8E41-43A6-ACFE-78B3873E6F89}.Release|Any CPU.Build.0 = Release|Any CPU
		{19DB3C95-8E41-43A6-ACFE-78B3873E6F89}.Release|ARM32.ActiveCfg = Release|Any CPU
		{19DB3C95-8E41-43A6-ACFE-78B3873E6F89}.Release|ARM32.Build.0 = Release|Any CPU
		{19DB3C95-8E41-43A6-ACFE-78B3873E6F89}.Release|ARM64.ActiveCfg = Release|Any CPU
		{19DB3C95-8E41-43A6-ACFE-78B3873E6F89}.Release|ARM64.Build.0 = Release|Any CPU
		{19DB3C95-8E41-43A6-ACFE-78B3873E6F89}.Release|x64.ActiveCfg = Release|x64
		{19DB3C95-8E41-43A6-ACFE-78B3873E6F89}.Release|x64.Build.0 = Release|x64
		{19DB3C95-8E41-43A6-ACFE-78B3873E6F89}.Release|x86.ActiveCfg = Release|x86
		{19DB3C95-8E41-43A6-ACFE-78B3873E6F89}.Release|x86.Build.0 = Release|x86
		{46ED6820-5DE9-4B9C-AC58-728503212732}.Debug|Any CPU.ActiveCfg = Debug|Any CPU
		{46ED6820-5DE9-4B9C-AC58-728503212732}.Debug|Any CPU.Build.0 = Debug|Any CPU
		{46ED6820-5DE9-4B9C-AC58-728503212732}.Debug|ARM32.ActiveCfg = Debug|Any CPU
		{46ED6820-5DE9-4B9C-AC58-728503212732}.Debug|ARM32.Build.0 = Debug|Any CPU
		{46ED6820-5DE9-4B9C-AC58-728503212732}.Debug|ARM64.ActiveCfg = Debug|Any CPU
		{46ED6820-5DE9-4B9C-AC58-728503212732}.Debug|ARM64.Build.0 = Debug|Any CPU
		{46ED6820-5DE9-4B9C-AC58-728503212732}.Debug|x64.ActiveCfg = Debug|Any CPU
		{46ED6820-5DE9-4B9C-AC58-728503212732}.Debug|x64.Build.0 = Debug|Any CPU
		{46ED6820-5DE9-4B9C-AC58-728503212732}.Debug|x86.ActiveCfg = Debug|Any CPU
		{46ED6820-5DE9-4B9C-AC58-728503212732}.Debug|x86.Build.0 = Debug|Any CPU
		{46ED6820-5DE9-4B9C-AC58-728503212732}.Release|Any CPU.ActiveCfg = Release|Any CPU
		{46ED6820-5DE9-4B9C-AC58-728503212732}.Release|Any CPU.Build.0 = Release|Any CPU
		{46ED6820-5DE9-4B9C-AC58-728503212732}.Release|ARM32.ActiveCfg = Release|Any CPU
		{46ED6820-5DE9-4B9C-AC58-728503212732}.Release|ARM32.Build.0 = Release|Any CPU
		{46ED6820-5DE9-4B9C-AC58-728503212732}.Release|ARM64.ActiveCfg = Release|Any CPU
		{46ED6820-5DE9-4B9C-AC58-728503212732}.Release|ARM64.Build.0 = Release|Any CPU
		{46ED6820-5DE9-4B9C-AC58-728503212732}.Release|x64.ActiveCfg = Release|x64
		{46ED6820-5DE9-4B9C-AC58-728503212732}.Release|x64.Build.0 = Release|x64
		{46ED6820-5DE9-4B9C-AC58-728503212732}.Release|x86.ActiveCfg = Release|x86
		{46ED6820-5DE9-4B9C-AC58-728503212732}.Release|x86.Build.0 = Release|x86
		{B324FB97-A466-4E19-BA67-9536023EE5B9}.Debug|Any CPU.ActiveCfg = Debug|Any CPU
		{B324FB97-A466-4E19-BA67-9536023EE5B9}.Debug|Any CPU.Build.0 = Debug|Any CPU
		{B324FB97-A466-4E19-BA67-9536023EE5B9}.Debug|ARM32.ActiveCfg = Debug|Any CPU
		{B324FB97-A466-4E19-BA67-9536023EE5B9}.Debug|ARM32.Build.0 = Debug|Any CPU
		{B324FB97-A466-4E19-BA67-9536023EE5B9}.Debug|ARM64.ActiveCfg = Debug|Any CPU
		{B324FB97-A466-4E19-BA67-9536023EE5B9}.Debug|ARM64.Build.0 = Debug|Any CPU
		{B324FB97-A466-4E19-BA67-9536023EE5B9}.Debug|x64.ActiveCfg = Debug|Any CPU
		{B324FB97-A466-4E19-BA67-9536023EE5B9}.Debug|x64.Build.0 = Debug|Any CPU
		{B324FB97-A466-4E19-BA67-9536023EE5B9}.Debug|x86.ActiveCfg = Debug|x86
		{B324FB97-A466-4E19-BA67-9536023EE5B9}.Debug|x86.Build.0 = Debug|x86
		{B324FB97-A466-4E19-BA67-9536023EE5B9}.Release|Any CPU.ActiveCfg = Release|Any CPU
		{B324FB97-A466-4E19-BA67-9536023EE5B9}.Release|Any CPU.Build.0 = Release|Any CPU
		{B324FB97-A466-4E19-BA67-9536023EE5B9}.Release|ARM32.ActiveCfg = Release|Any CPU
		{B324FB97-A466-4E19-BA67-9536023EE5B9}.Release|ARM32.Build.0 = Release|Any CPU
		{B324FB97-A466-4E19-BA67-9536023EE5B9}.Release|ARM64.ActiveCfg = Release|Any CPU
		{B324FB97-A466-4E19-BA67-9536023EE5B9}.Release|ARM64.Build.0 = Release|Any CPU
		{B324FB97-A466-4E19-BA67-9536023EE5B9}.Release|x64.ActiveCfg = Release|x64
		{B324FB97-A466-4E19-BA67-9536023EE5B9}.Release|x64.Build.0 = Release|x64
		{B324FB97-A466-4E19-BA67-9536023EE5B9}.Release|x86.ActiveCfg = Release|x86
		{B324FB97-A466-4E19-BA67-9536023EE5B9}.Release|x86.Build.0 = Release|x86
		{ADA9CC94-5705-499C-9C93-888E96F87DEA}.Debug|Any CPU.ActiveCfg = Debug|Any CPU
		{ADA9CC94-5705-499C-9C93-888E96F87DEA}.Debug|Any CPU.Build.0 = Debug|Any CPU
		{ADA9CC94-5705-499C-9C93-888E96F87DEA}.Debug|ARM32.ActiveCfg = Debug|Any CPU
		{ADA9CC94-5705-499C-9C93-888E96F87DEA}.Debug|ARM32.Build.0 = Debug|Any CPU
		{ADA9CC94-5705-499C-9C93-888E96F87DEA}.Debug|ARM64.ActiveCfg = Debug|Any CPU
		{ADA9CC94-5705-499C-9C93-888E96F87DEA}.Debug|ARM64.Build.0 = Debug|Any CPU
		{ADA9CC94-5705-499C-9C93-888E96F87DEA}.Debug|x64.ActiveCfg = Debug|x64
		{ADA9CC94-5705-499C-9C93-888E96F87DEA}.Debug|x64.Build.0 = Debug|x64
		{ADA9CC94-5705-499C-9C93-888E96F87DEA}.Debug|x86.ActiveCfg = Debug|x86
		{ADA9CC94-5705-499C-9C93-888E96F87DEA}.Debug|x86.Build.0 = Debug|x86
		{ADA9CC94-5705-499C-9C93-888E96F87DEA}.Release|Any CPU.ActiveCfg = Release|Any CPU
		{ADA9CC94-5705-499C-9C93-888E96F87DEA}.Release|Any CPU.Build.0 = Release|Any CPU
		{ADA9CC94-5705-499C-9C93-888E96F87DEA}.Release|ARM32.ActiveCfg = Release|Any CPU
		{ADA9CC94-5705-499C-9C93-888E96F87DEA}.Release|ARM32.Build.0 = Release|Any CPU
		{ADA9CC94-5705-499C-9C93-888E96F87DEA}.Release|ARM64.ActiveCfg = Release|Any CPU
		{ADA9CC94-5705-499C-9C93-888E96F87DEA}.Release|ARM64.Build.0 = Release|Any CPU
		{ADA9CC94-5705-499C-9C93-888E96F87DEA}.Release|x64.ActiveCfg = Release|x64
		{ADA9CC94-5705-499C-9C93-888E96F87DEA}.Release|x64.Build.0 = Release|x64
		{ADA9CC94-5705-499C-9C93-888E96F87DEA}.Release|x86.ActiveCfg = Release|x86
		{ADA9CC94-5705-499C-9C93-888E96F87DEA}.Release|x86.Build.0 = Release|x86
		{19E048D9-1587-40CC-BEE3-E1883A21FEC8}.Debug|Any CPU.ActiveCfg = Debug|Any CPU
		{19E048D9-1587-40CC-BEE3-E1883A21FEC8}.Debug|Any CPU.Build.0 = Debug|Any CPU
		{19E048D9-1587-40CC-BEE3-E1883A21FEC8}.Debug|ARM32.ActiveCfg = Debug|Any CPU
		{19E048D9-1587-40CC-BEE3-E1883A21FEC8}.Debug|ARM32.Build.0 = Debug|Any CPU
		{19E048D9-1587-40CC-BEE3-E1883A21FEC8}.Debug|ARM64.ActiveCfg = Debug|Any CPU
		{19E048D9-1587-40CC-BEE3-E1883A21FEC8}.Debug|ARM64.Build.0 = Debug|Any CPU
		{19E048D9-1587-40CC-BEE3-E1883A21FEC8}.Debug|x64.ActiveCfg = Debug|Any CPU
		{19E048D9-1587-40CC-BEE3-E1883A21FEC8}.Debug|x64.Build.0 = Debug|Any CPU
		{19E048D9-1587-40CC-BEE3-E1883A21FEC8}.Debug|x86.ActiveCfg = Debug|x86
		{19E048D9-1587-40CC-BEE3-E1883A21FEC8}.Debug|x86.Build.0 = Debug|x86
		{19E048D9-1587-40CC-BEE3-E1883A21FEC8}.Release|Any CPU.ActiveCfg = Release|Any CPU
		{19E048D9-1587-40CC-BEE3-E1883A21FEC8}.Release|Any CPU.Build.0 = Release|Any CPU
		{19E048D9-1587-40CC-BEE3-E1883A21FEC8}.Release|ARM32.ActiveCfg = Release|Any CPU
		{19E048D9-1587-40CC-BEE3-E1883A21FEC8}.Release|ARM32.Build.0 = Release|Any CPU
		{19E048D9-1587-40CC-BEE3-E1883A21FEC8}.Release|ARM64.ActiveCfg = Release|Any CPU
		{19E048D9-1587-40CC-BEE3-E1883A21FEC8}.Release|ARM64.Build.0 = Release|Any CPU
		{19E048D9-1587-40CC-BEE3-E1883A21FEC8}.Release|x64.ActiveCfg = Release|x64
		{19E048D9-1587-40CC-BEE3-E1883A21FEC8}.Release|x64.Build.0 = Release|x64
		{19E048D9-1587-40CC-BEE3-E1883A21FEC8}.Release|x86.ActiveCfg = Release|x86
		{19E048D9-1587-40CC-BEE3-E1883A21FEC8}.Release|x86.Build.0 = Release|x86
		{A18B4113-8CBF-44B3-BC4A-C27920D2F6BE}.Debug|Any CPU.ActiveCfg = Debug|Any CPU
		{A18B4113-8CBF-44B3-BC4A-C27920D2F6BE}.Debug|Any CPU.Build.0 = Debug|Any CPU
		{A18B4113-8CBF-44B3-BC4A-C27920D2F6BE}.Debug|ARM32.ActiveCfg = Debug|Any CPU
		{A18B4113-8CBF-44B3-BC4A-C27920D2F6BE}.Debug|ARM32.Build.0 = Debug|Any CPU
		{A18B4113-8CBF-44B3-BC4A-C27920D2F6BE}.Debug|ARM64.ActiveCfg = Debug|Any CPU
		{A18B4113-8CBF-44B3-BC4A-C27920D2F6BE}.Debug|ARM64.Build.0 = Debug|Any CPU
		{A18B4113-8CBF-44B3-BC4A-C27920D2F6BE}.Debug|x64.ActiveCfg = Debug|Any CPU
		{A18B4113-8CBF-44B3-BC4A-C27920D2F6BE}.Debug|x64.Build.0 = Debug|Any CPU
		{A18B4113-8CBF-44B3-BC4A-C27920D2F6BE}.Debug|x86.ActiveCfg = Debug|Any CPU
		{A18B4113-8CBF-44B3-BC4A-C27920D2F6BE}.Debug|x86.Build.0 = Debug|Any CPU
		{A18B4113-8CBF-44B3-BC4A-C27920D2F6BE}.Release|Any CPU.ActiveCfg = Release|Any CPU
		{A18B4113-8CBF-44B3-BC4A-C27920D2F6BE}.Release|Any CPU.Build.0 = Release|Any CPU
		{A18B4113-8CBF-44B3-BC4A-C27920D2F6BE}.Release|ARM32.ActiveCfg = Release|Any CPU
		{A18B4113-8CBF-44B3-BC4A-C27920D2F6BE}.Release|ARM32.Build.0 = Release|Any CPU
		{A18B4113-8CBF-44B3-BC4A-C27920D2F6BE}.Release|ARM64.ActiveCfg = Release|Any CPU
		{A18B4113-8CBF-44B3-BC4A-C27920D2F6BE}.Release|ARM64.Build.0 = Release|Any CPU
		{A18B4113-8CBF-44B3-BC4A-C27920D2F6BE}.Release|x64.ActiveCfg = Release|x64
		{A18B4113-8CBF-44B3-BC4A-C27920D2F6BE}.Release|x64.Build.0 = Release|x64
		{A18B4113-8CBF-44B3-BC4A-C27920D2F6BE}.Release|x86.ActiveCfg = Release|x86
		{A18B4113-8CBF-44B3-BC4A-C27920D2F6BE}.Release|x86.Build.0 = Release|x86
		{047A7C91-7A94-4393-8D25-54BF23498193}.Debug|Any CPU.ActiveCfg = Debug|Any CPU
		{047A7C91-7A94-4393-8D25-54BF23498193}.Debug|Any CPU.Build.0 = Debug|Any CPU
		{047A7C91-7A94-4393-8D25-54BF23498193}.Debug|ARM32.ActiveCfg = Debug|Any CPU
		{047A7C91-7A94-4393-8D25-54BF23498193}.Debug|ARM32.Build.0 = Debug|Any CPU
		{047A7C91-7A94-4393-8D25-54BF23498193}.Debug|ARM64.ActiveCfg = Debug|Any CPU
		{047A7C91-7A94-4393-8D25-54BF23498193}.Debug|ARM64.Build.0 = Debug|Any CPU
		{047A7C91-7A94-4393-8D25-54BF23498193}.Debug|x64.ActiveCfg = Debug|x64
		{047A7C91-7A94-4393-8D25-54BF23498193}.Debug|x64.Build.0 = Debug|x64
		{047A7C91-7A94-4393-8D25-54BF23498193}.Debug|x86.ActiveCfg = Debug|x86
		{047A7C91-7A94-4393-8D25-54BF23498193}.Debug|x86.Build.0 = Debug|x86
		{047A7C91-7A94-4393-8D25-54BF23498193}.Release|Any CPU.ActiveCfg = Release|Any CPU
		{047A7C91-7A94-4393-8D25-54BF23498193}.Release|Any CPU.Build.0 = Release|Any CPU
		{047A7C91-7A94-4393-8D25-54BF23498193}.Release|ARM32.ActiveCfg = Release|Any CPU
		{047A7C91-7A94-4393-8D25-54BF23498193}.Release|ARM32.Build.0 = Release|Any CPU
		{047A7C91-7A94-4393-8D25-54BF23498193}.Release|ARM64.ActiveCfg = Release|Any CPU
		{047A7C91-7A94-4393-8D25-54BF23498193}.Release|ARM64.Build.0 = Release|Any CPU
		{047A7C91-7A94-4393-8D25-54BF23498193}.Release|x64.ActiveCfg = Release|x64
		{047A7C91-7A94-4393-8D25-54BF23498193}.Release|x64.Build.0 = Release|x64
		{047A7C91-7A94-4393-8D25-54BF23498193}.Release|x86.ActiveCfg = Release|x86
		{047A7C91-7A94-4393-8D25-54BF23498193}.Release|x86.Build.0 = Release|x86
		{1D5738B7-BC6F-46EF-8C49-47622AF0D74A}.Debug|Any CPU.ActiveCfg = Debug|Any CPU
		{1D5738B7-BC6F-46EF-8C49-47622AF0D74A}.Debug|Any CPU.Build.0 = Debug|Any CPU
		{1D5738B7-BC6F-46EF-8C49-47622AF0D74A}.Debug|ARM32.ActiveCfg = Debug|Any CPU
		{1D5738B7-BC6F-46EF-8C49-47622AF0D74A}.Debug|ARM32.Build.0 = Debug|Any CPU
		{1D5738B7-BC6F-46EF-8C49-47622AF0D74A}.Debug|ARM64.ActiveCfg = Debug|Any CPU
		{1D5738B7-BC6F-46EF-8C49-47622AF0D74A}.Debug|ARM64.Build.0 = Debug|Any CPU
		{1D5738B7-BC6F-46EF-8C49-47622AF0D74A}.Debug|x64.ActiveCfg = Debug|Any CPU
		{1D5738B7-BC6F-46EF-8C49-47622AF0D74A}.Debug|x64.Build.0 = Debug|Any CPU
		{1D5738B7-BC6F-46EF-8C49-47622AF0D74A}.Debug|x86.ActiveCfg = Debug|x86
		{1D5738B7-BC6F-46EF-8C49-47622AF0D74A}.Debug|x86.Build.0 = Debug|x86
		{1D5738B7-BC6F-46EF-8C49-47622AF0D74A}.Release|Any CPU.ActiveCfg = Release|Any CPU
		{1D5738B7-BC6F-46EF-8C49-47622AF0D74A}.Release|Any CPU.Build.0 = Release|Any CPU
		{1D5738B7-BC6F-46EF-8C49-47622AF0D74A}.Release|ARM32.ActiveCfg = Release|Any CPU
		{1D5738B7-BC6F-46EF-8C49-47622AF0D74A}.Release|ARM32.Build.0 = Release|Any CPU
		{1D5738B7-BC6F-46EF-8C49-47622AF0D74A}.Release|ARM64.ActiveCfg = Release|Any CPU
		{1D5738B7-BC6F-46EF-8C49-47622AF0D74A}.Release|ARM64.Build.0 = Release|Any CPU
		{1D5738B7-BC6F-46EF-8C49-47622AF0D74A}.Release|x64.ActiveCfg = Release|x64
		{1D5738B7-BC6F-46EF-8C49-47622AF0D74A}.Release|x64.Build.0 = Release|x64
		{1D5738B7-BC6F-46EF-8C49-47622AF0D74A}.Release|x86.ActiveCfg = Release|x86
		{1D5738B7-BC6F-46EF-8C49-47622AF0D74A}.Release|x86.Build.0 = Release|x86
		{EB32BAE1-083D-4ECC-9627-BC83B8300A40}.Debug|Any CPU.ActiveCfg = Debug|Any CPU
		{EB32BAE1-083D-4ECC-9627-BC83B8300A40}.Debug|Any CPU.Build.0 = Debug|Any CPU
		{EB32BAE1-083D-4ECC-9627-BC83B8300A40}.Debug|ARM32.ActiveCfg = Debug|ARM32
		{EB32BAE1-083D-4ECC-9627-BC83B8300A40}.Debug|ARM32.Build.0 = Debug|ARM32
		{EB32BAE1-083D-4ECC-9627-BC83B8300A40}.Debug|ARM64.ActiveCfg = Debug|ARM64
		{EB32BAE1-083D-4ECC-9627-BC83B8300A40}.Debug|ARM64.Build.0 = Debug|ARM64
		{EB32BAE1-083D-4ECC-9627-BC83B8300A40}.Debug|x64.ActiveCfg = Debug|Any CPU
		{EB32BAE1-083D-4ECC-9627-BC83B8300A40}.Debug|x64.Build.0 = Debug|Any CPU
		{EB32BAE1-083D-4ECC-9627-BC83B8300A40}.Debug|x86.ActiveCfg = Debug|Any CPU
		{EB32BAE1-083D-4ECC-9627-BC83B8300A40}.Debug|x86.Build.0 = Debug|Any CPU
		{EB32BAE1-083D-4ECC-9627-BC83B8300A40}.Release|Any CPU.ActiveCfg = Release|Any CPU
		{EB32BAE1-083D-4ECC-9627-BC83B8300A40}.Release|Any CPU.Build.0 = Release|Any CPU
		{EB32BAE1-083D-4ECC-9627-BC83B8300A40}.Release|ARM32.ActiveCfg = Release|ARM32
		{EB32BAE1-083D-4ECC-9627-BC83B8300A40}.Release|ARM32.Build.0 = Release|ARM32
		{EB32BAE1-083D-4ECC-9627-BC83B8300A40}.Release|ARM64.ActiveCfg = Release|ARM64
		{EB32BAE1-083D-4ECC-9627-BC83B8300A40}.Release|ARM64.Build.0 = Release|ARM64
		{EB32BAE1-083D-4ECC-9627-BC83B8300A40}.Release|x64.ActiveCfg = Release|x64
		{EB32BAE1-083D-4ECC-9627-BC83B8300A40}.Release|x64.Build.0 = Release|x64
		{EB32BAE1-083D-4ECC-9627-BC83B8300A40}.Release|x86.ActiveCfg = Release|x86
		{EB32BAE1-083D-4ECC-9627-BC83B8300A40}.Release|x86.Build.0 = Release|x86
		{24BE2B70-CD23-4052-899E-445393FFA2B4}.Debug|Any CPU.ActiveCfg = Debug|Any CPU
		{24BE2B70-CD23-4052-899E-445393FFA2B4}.Debug|Any CPU.Build.0 = Debug|Any CPU
		{24BE2B70-CD23-4052-899E-445393FFA2B4}.Debug|ARM32.ActiveCfg = Debug|Any CPU
		{24BE2B70-CD23-4052-899E-445393FFA2B4}.Debug|ARM32.Build.0 = Debug|Any CPU
		{24BE2B70-CD23-4052-899E-445393FFA2B4}.Debug|ARM64.ActiveCfg = Debug|Any CPU
		{24BE2B70-CD23-4052-899E-445393FFA2B4}.Debug|ARM64.Build.0 = Debug|Any CPU
		{24BE2B70-CD23-4052-899E-445393FFA2B4}.Debug|x64.ActiveCfg = Debug|Any CPU
		{24BE2B70-CD23-4052-899E-445393FFA2B4}.Debug|x64.Build.0 = Debug|Any CPU
		{24BE2B70-CD23-4052-899E-445393FFA2B4}.Debug|x86.ActiveCfg = Debug|x86
		{24BE2B70-CD23-4052-899E-445393FFA2B4}.Debug|x86.Build.0 = Debug|x86
		{24BE2B70-CD23-4052-899E-445393FFA2B4}.Release|Any CPU.ActiveCfg = Release|Any CPU
		{24BE2B70-CD23-4052-899E-445393FFA2B4}.Release|Any CPU.Build.0 = Release|Any CPU
		{24BE2B70-CD23-4052-899E-445393FFA2B4}.Release|ARM32.ActiveCfg = Release|Any CPU
		{24BE2B70-CD23-4052-899E-445393FFA2B4}.Release|ARM32.Build.0 = Release|Any CPU
		{24BE2B70-CD23-4052-899E-445393FFA2B4}.Release|ARM64.ActiveCfg = Release|Any CPU
		{24BE2B70-CD23-4052-899E-445393FFA2B4}.Release|ARM64.Build.0 = Release|Any CPU
		{24BE2B70-CD23-4052-899E-445393FFA2B4}.Release|x64.ActiveCfg = Release|Any CPU
		{24BE2B70-CD23-4052-899E-445393FFA2B4}.Release|x64.Build.0 = Release|Any CPU
		{24BE2B70-CD23-4052-899E-445393FFA2B4}.Release|x86.ActiveCfg = Release|x86
		{24BE2B70-CD23-4052-899E-445393FFA2B4}.Release|x86.Build.0 = Release|x86
		{808305D8-C662-4C9A-A26F-D9A3E07E1271}.Debug|Any CPU.ActiveCfg = Debug|Any CPU
		{808305D8-C662-4C9A-A26F-D9A3E07E1271}.Debug|Any CPU.Build.0 = Debug|Any CPU
		{808305D8-C662-4C9A-A26F-D9A3E07E1271}.Debug|ARM32.ActiveCfg = Debug|Any CPU
		{808305D8-C662-4C9A-A26F-D9A3E07E1271}.Debug|ARM32.Build.0 = Debug|Any CPU
		{808305D8-C662-4C9A-A26F-D9A3E07E1271}.Debug|ARM64.ActiveCfg = Debug|Any CPU
		{808305D8-C662-4C9A-A26F-D9A3E07E1271}.Debug|ARM64.Build.0 = Debug|Any CPU
		{808305D8-C662-4C9A-A26F-D9A3E07E1271}.Debug|x64.ActiveCfg = Debug|Any CPU
		{808305D8-C662-4C9A-A26F-D9A3E07E1271}.Debug|x64.Build.0 = Debug|Any CPU
		{808305D8-C662-4C9A-A26F-D9A3E07E1271}.Debug|x86.ActiveCfg = Debug|x86
		{808305D8-C662-4C9A-A26F-D9A3E07E1271}.Debug|x86.Build.0 = Debug|x86
		{808305D8-C662-4C9A-A26F-D9A3E07E1271}.Release|Any CPU.ActiveCfg = Release|Any CPU
		{808305D8-C662-4C9A-A26F-D9A3E07E1271}.Release|Any CPU.Build.0 = Release|Any CPU
		{808305D8-C662-4C9A-A26F-D9A3E07E1271}.Release|ARM32.ActiveCfg = Release|Any CPU
		{808305D8-C662-4C9A-A26F-D9A3E07E1271}.Release|ARM32.Build.0 = Release|Any CPU
		{808305D8-C662-4C9A-A26F-D9A3E07E1271}.Release|ARM64.ActiveCfg = Release|Any CPU
		{808305D8-C662-4C9A-A26F-D9A3E07E1271}.Release|ARM64.Build.0 = Release|Any CPU
		{808305D8-C662-4C9A-A26F-D9A3E07E1271}.Release|x64.ActiveCfg = Release|Any CPU
		{808305D8-C662-4C9A-A26F-D9A3E07E1271}.Release|x64.Build.0 = Release|Any CPU
		{808305D8-C662-4C9A-A26F-D9A3E07E1271}.Release|x86.ActiveCfg = Release|x86
		{808305D8-C662-4C9A-A26F-D9A3E07E1271}.Release|x86.Build.0 = Release|x86
		{D287FB50-6DFA-4EFA-9169-5A6F31B44CA9}.Debug|Any CPU.ActiveCfg = Debug|Any CPU
		{D287FB50-6DFA-4EFA-9169-5A6F31B44CA9}.Debug|Any CPU.Build.0 = Debug|Any CPU
		{D287FB50-6DFA-4EFA-9169-5A6F31B44CA9}.Debug|ARM32.ActiveCfg = Debug|Any CPU
		{D287FB50-6DFA-4EFA-9169-5A6F31B44CA9}.Debug|ARM32.Build.0 = Debug|Any CPU
		{D287FB50-6DFA-4EFA-9169-5A6F31B44CA9}.Debug|ARM64.ActiveCfg = Debug|Any CPU
		{D287FB50-6DFA-4EFA-9169-5A6F31B44CA9}.Debug|ARM64.Build.0 = Debug|Any CPU
		{D287FB50-6DFA-4EFA-9169-5A6F31B44CA9}.Debug|x64.ActiveCfg = Debug|x64
		{D287FB50-6DFA-4EFA-9169-5A6F31B44CA9}.Debug|x64.Build.0 = Debug|x64
		{D287FB50-6DFA-4EFA-9169-5A6F31B44CA9}.Debug|x86.ActiveCfg = Debug|x86
		{D287FB50-6DFA-4EFA-9169-5A6F31B44CA9}.Debug|x86.Build.0 = Debug|x86
		{D287FB50-6DFA-4EFA-9169-5A6F31B44CA9}.Release|Any CPU.ActiveCfg = Release|Any CPU
		{D287FB50-6DFA-4EFA-9169-5A6F31B44CA9}.Release|Any CPU.Build.0 = Release|Any CPU
		{D287FB50-6DFA-4EFA-9169-5A6F31B44CA9}.Release|ARM32.ActiveCfg = Release|Any CPU
		{D287FB50-6DFA-4EFA-9169-5A6F31B44CA9}.Release|ARM32.Build.0 = Release|Any CPU
		{D287FB50-6DFA-4EFA-9169-5A6F31B44CA9}.Release|ARM64.ActiveCfg = Release|Any CPU
		{D287FB50-6DFA-4EFA-9169-5A6F31B44CA9}.Release|ARM64.Build.0 = Release|Any CPU
		{D287FB50-6DFA-4EFA-9169-5A6F31B44CA9}.Release|x64.ActiveCfg = Release|x64
		{D287FB50-6DFA-4EFA-9169-5A6F31B44CA9}.Release|x64.Build.0 = Release|x64
		{D287FB50-6DFA-4EFA-9169-5A6F31B44CA9}.Release|x86.ActiveCfg = Release|x86
		{D287FB50-6DFA-4EFA-9169-5A6F31B44CA9}.Release|x86.Build.0 = Release|x86
		{39C428B3-A5DD-409C-9EB1-7F4FCDDD61B4}.Debug|Any CPU.ActiveCfg = Debug|Any CPU
		{39C428B3-A5DD-409C-9EB1-7F4FCDDD61B4}.Debug|Any CPU.Build.0 = Debug|Any CPU
		{39C428B3-A5DD-409C-9EB1-7F4FCDDD61B4}.Debug|ARM32.ActiveCfg = Debug|Any CPU
		{39C428B3-A5DD-409C-9EB1-7F4FCDDD61B4}.Debug|ARM32.Build.0 = Debug|Any CPU
		{39C428B3-A5DD-409C-9EB1-7F4FCDDD61B4}.Debug|ARM64.ActiveCfg = Debug|Any CPU
		{39C428B3-A5DD-409C-9EB1-7F4FCDDD61B4}.Debug|ARM64.Build.0 = Debug|Any CPU
		{39C428B3-A5DD-409C-9EB1-7F4FCDDD61B4}.Debug|x64.ActiveCfg = Debug|Any CPU
		{39C428B3-A5DD-409C-9EB1-7F4FCDDD61B4}.Debug|x64.Build.0 = Debug|Any CPU
		{39C428B3-A5DD-409C-9EB1-7F4FCDDD61B4}.Debug|x86.ActiveCfg = Debug|Any CPU
		{39C428B3-A5DD-409C-9EB1-7F4FCDDD61B4}.Debug|x86.Build.0 = Debug|Any CPU
		{39C428B3-A5DD-409C-9EB1-7F4FCDDD61B4}.Release|Any CPU.ActiveCfg = Release|Any CPU
		{39C428B3-A5DD-409C-9EB1-7F4FCDDD61B4}.Release|Any CPU.Build.0 = Release|Any CPU
		{39C428B3-A5DD-409C-9EB1-7F4FCDDD61B4}.Release|ARM32.ActiveCfg = Release|Any CPU
		{39C428B3-A5DD-409C-9EB1-7F4FCDDD61B4}.Release|ARM32.Build.0 = Release|Any CPU
		{39C428B3-A5DD-409C-9EB1-7F4FCDDD61B4}.Release|ARM64.ActiveCfg = Release|Any CPU
		{39C428B3-A5DD-409C-9EB1-7F4FCDDD61B4}.Release|ARM64.Build.0 = Release|Any CPU
		{39C428B3-A5DD-409C-9EB1-7F4FCDDD61B4}.Release|x64.ActiveCfg = Release|Any CPU
		{39C428B3-A5DD-409C-9EB1-7F4FCDDD61B4}.Release|x64.Build.0 = Release|Any CPU
		{39C428B3-A5DD-409C-9EB1-7F4FCDDD61B4}.Release|x86.ActiveCfg = Release|Any CPU
		{39C428B3-A5DD-409C-9EB1-7F4FCDDD61B4}.Release|x86.Build.0 = Release|Any CPU
	EndGlobalSection
	GlobalSection(SolutionProperties) = preSolution
		HideSolutionNode = FALSE
	EndGlobalSection
	GlobalSection(ExtensibilityGlobals) = postSolution
		SolutionGuid = {BB662AA4-4092-419D-91C8-C036495ECD05}
	EndGlobalSection
EndGlobal
