
Microsoft Visual Studio Solution File, Format Version 12.00
# Visual Studio Version 16
VisualStudioVersion = 16.0.32126.315
MinimumVisualStudioVersion = 10.0.40219.1
Project("{FAE04EC0-301F-11D3-BF4B-00C04F79EFBC}") = "CorgEng.Core", "CorgEng.Core.csproj", "{A3101CA0-3DFA-4C1C-9A67-DA979DB8676D}"
EndProject
Project("{FAE04EC0-301F-11D3-BF4B-00C04F79EFBC}") = "CorgEng.Tests", "..\CorgEng.Tests\CorgEng.Tests.csproj", "{7906D0B3-37A0-4997-A2B6-25E6EA8FB11E}"
EndProject
Global
	GlobalSection(SolutionConfigurationPlatforms) = preSolution
		Debug|Any CPU = Debug|Any CPU
		Release|Any CPU = Release|Any CPU
	EndGlobalSection
	GlobalSection(ProjectConfigurationPlatforms) = postSolution
		{A3101CA0-3DFA-4C1C-9A67-DA979DB8676D}.Debug|Any CPU.ActiveCfg = Debug|Any CPU
		{A3101CA0-3DFA-4C1C-9A67-DA979DB8676D}.Debug|Any CPU.Build.0 = Debug|Any CPU
		{A3101CA0-3DFA-4C1C-9A67-DA979DB8676D}.Release|Any CPU.ActiveCfg = Release|Any CPU
		{A3101CA0-3DFA-4C1C-9A67-DA979DB8676D}.Release|Any CPU.Build.0 = Release|Any CPU
		{7906D0B3-37A0-4997-A2B6-25E6EA8FB11E}.Debug|Any CPU.ActiveCfg = Debug|Any CPU
		{7906D0B3-37A0-4997-A2B6-25E6EA8FB11E}.Debug|Any CPU.Build.0 = Debug|Any CPU
		{7906D0B3-37A0-4997-A2B6-25E6EA8FB11E}.Release|Any CPU.ActiveCfg = Release|Any CPU
		{7906D0B3-37A0-4997-A2B6-25E6EA8FB11E}.Release|Any CPU.Build.0 = Release|Any CPU
	EndGlobalSection
	GlobalSection(SolutionProperties) = preSolution
		HideSolutionNode = FALSE
	EndGlobalSection
	GlobalSection(ExtensibilityGlobals) = postSolution
		SolutionGuid = {D03EC64D-4FA1-437D-ABE9-228A1287D386}
	EndGlobalSection
EndGlobal
